
Microsoft Visual Studio Solution File, Format Version 12.00
# Visual Studio 15
VisualStudioVersion = 15.0.27703.2000
MinimumVisualStudioVersion = 10.0.40219.1
Project("{FAE04EC0-301F-11D3-BF4B-00C04F79EFBC}") = "TransferControl", "TransferControl\TransferControl.csproj", "{316CCD27-C53F-42F2-AD5E-5CA897DD9AB8}"
EndProject
Project("{FAE04EC0-301F-11D3-BF4B-00C04F79EFBC}") = "SANWA", "..\repos\SANWA Function\SANWA\SANWA\SANWA.csproj", "{4EED2ED4-A72E-4F24-8D80-EF2F0B24FCF1}"
EndProject
Global
	GlobalSection(SolutionConfigurationPlatforms) = preSolution
		Debug|Any CPU = Debug|Any CPU
		Release|Any CPU = Release|Any CPU
	EndGlobalSection
	GlobalSection(ProjectConfigurationPlatforms) = postSolution
		{316CCD27-C53F-42F2-AD5E-5CA897DD9AB8}.Debug|Any CPU.ActiveCfg = Debug|Any CPU
		{316CCD27-C53F-42F2-AD5E-5CA897DD9AB8}.Debug|Any CPU.Build.0 = Debug|Any CPU
		{316CCD27-C53F-42F2-AD5E-5CA897DD9AB8}.Release|Any CPU.ActiveCfg = Release|Any CPU
		{316CCD27-C53F-42F2-AD5E-5CA897DD9AB8}.Release|Any CPU.Build.0 = Release|Any CPU
		{4EED2ED4-A72E-4F24-8D80-EF2F0B24FCF1}.Debug|Any CPU.ActiveCfg = Debug|Any CPU
		{4EED2ED4-A72E-4F24-8D80-EF2F0B24FCF1}.Debug|Any CPU.Build.0 = Debug|Any CPU
		{4EED2ED4-A72E-4F24-8D80-EF2F0B24FCF1}.Release|Any CPU.ActiveCfg = Release|Any CPU
		{4EED2ED4-A72E-4F24-8D80-EF2F0B24FCF1}.Release|Any CPU.Build.0 = Release|Any CPU
	EndGlobalSection
	GlobalSection(SolutionProperties) = preSolution
		HideSolutionNode = FALSE
	EndGlobalSection
	GlobalSection(ExtensibilityGlobals) = postSolution
		SolutionGuid = {2BBC3EE6-35D1-4388-9851-73D642EA98B3}
	EndGlobalSection
EndGlobal
